
Microsoft Visual Studio Solution File, Format Version 12.00
# Visual Studio Version 17
VisualStudioVersion = 17.0.31903.59
MinimumVisualStudioVersion = 10.0.40219.1
Project("{FAE04EC0-301F-11D3-BF4B-00C04F79EFBC}") = "Deploy.Cli", "Deploy.Cli\Deploy.Cli.csproj", "{ED17DA79-EB9B-451A-BC46-20C8DFC27FCA}"
EndProject
Project("{FAE04EC0-301F-11D3-BF4B-00C04F79EFBC}") = "Deploy.Core", "Deploy.Core\Deploy.Core.csproj", "{27447609-1A82-4B73-89AF-01EE93B880F7}"
EndProject
Project("{FAE04EC0-301F-11D3-BF4B-00C04F79EFBC}") = "Deploy.Tests", "Deploy.Tests\Deploy.Tests.csproj", "{1DA01C87-2DD5-46C1-B04A-86BFE26ED95B}"
EndProject
Project("{FAE04EC0-301F-11D3-BF4B-00C04F79EFBC}") = "Deploy.Benchmarks", "Deploy.Benchmarks\Deploy.Benchmarks.csproj", "{0E37B36E-8D1E-4C9A-A2FF-D39835C2F9F3}"
EndProject
Project("{FAE04EC0-301F-11D3-BF4B-00C04F79EFBC}") = "Deploy.Gui", "Deploy.Gui\Deploy.Gui.csproj", "{A39AFA72-5C19-4BB9-963E-4B216E91F351}"
EndProject
Project("{FAE04EC0-301F-11D3-BF4B-00C04F79EFBC}") = "Deploy.Core.Dummy", "Deploy.Core.Dummy\Deploy.Core.Dummy.csproj", "{6CF05566-1E47-4CDD-AA94-EFCC0D74C61C}"
EndProject
Project("{FAE04EC0-301F-11D3-BF4B-00C04F79EFBC}") = "Deploy.Server", "Deploy.Server\Deploy.Server.csproj", "{A248D31B-D33C-44EF-896D-A46B92D5A11B}"
EndProject
Project("{FAE04EC0-301F-11D3-BF4B-00C04F79EFBC}") = "Deploy.Client", "Deploy.Client\Deploy.Client.csproj", "{1DA5B47C-B800-46EC-AE2F-E883BCF09D6F}"
EndProject
Global
	GlobalSection(SolutionConfigurationPlatforms) = preSolution
		Debug|Any CPU = Debug|Any CPU
		Release|Any CPU = Release|Any CPU
	EndGlobalSection
	GlobalSection(SolutionProperties) = preSolution
		HideSolutionNode = FALSE
	EndGlobalSection
	GlobalSection(ProjectConfigurationPlatforms) = postSolution
		{ED17DA79-EB9B-451A-BC46-20C8DFC27FCA}.Debug|Any CPU.ActiveCfg = Debug|Any CPU
		{ED17DA79-EB9B-451A-BC46-20C8DFC27FCA}.Debug|Any CPU.Build.0 = Debug|Any CPU
		{ED17DA79-EB9B-451A-BC46-20C8DFC27FCA}.Release|Any CPU.ActiveCfg = Release|Any CPU
		{ED17DA79-EB9B-451A-BC46-20C8DFC27FCA}.Release|Any CPU.Build.0 = Release|Any CPU
		{27447609-1A82-4B73-89AF-01EE93B880F7}.Debug|Any CPU.ActiveCfg = Debug|Any CPU
		{27447609-1A82-4B73-89AF-01EE93B880F7}.Debug|Any CPU.Build.0 = Debug|Any CPU
		{27447609-1A82-4B73-89AF-01EE93B880F7}.Release|Any CPU.ActiveCfg = Release|Any CPU
		{27447609-1A82-4B73-89AF-01EE93B880F7}.Release|Any CPU.Build.0 = Release|Any CPU
		{1DA01C87-2DD5-46C1-B04A-86BFE26ED95B}.Debug|Any CPU.ActiveCfg = Debug|Any CPU
		{1DA01C87-2DD5-46C1-B04A-86BFE26ED95B}.Debug|Any CPU.Build.0 = Debug|Any CPU
		{1DA01C87-2DD5-46C1-B04A-86BFE26ED95B}.Release|Any CPU.ActiveCfg = Release|Any CPU
		{1DA01C87-2DD5-46C1-B04A-86BFE26ED95B}.Release|Any CPU.Build.0 = Release|Any CPU
		{0E37B36E-8D1E-4C9A-A2FF-D39835C2F9F3}.Debug|Any CPU.ActiveCfg = Debug|Any CPU
		{0E37B36E-8D1E-4C9A-A2FF-D39835C2F9F3}.Debug|Any CPU.Build.0 = Debug|Any CPU
		{0E37B36E-8D1E-4C9A-A2FF-D39835C2F9F3}.Release|Any CPU.ActiveCfg = Release|Any CPU
		{0E37B36E-8D1E-4C9A-A2FF-D39835C2F9F3}.Release|Any CPU.Build.0 = Release|Any CPU
		{A39AFA72-5C19-4BB9-963E-4B216E91F351}.Debug|Any CPU.ActiveCfg = Debug|Any CPU
		{A39AFA72-5C19-4BB9-963E-4B216E91F351}.Debug|Any CPU.Build.0 = Debug|Any CPU
		{A39AFA72-5C19-4BB9-963E-4B216E91F351}.Release|Any CPU.ActiveCfg = Release|Any CPU
		{A39AFA72-5C19-4BB9-963E-4B216E91F351}.Release|Any CPU.Build.0 = Release|Any CPU
		{6CF05566-1E47-4CDD-AA94-EFCC0D74C61C}.Debug|Any CPU.ActiveCfg = Debug|Any CPU
		{6CF05566-1E47-4CDD-AA94-EFCC0D74C61C}.Debug|Any CPU.Build.0 = Debug|Any CPU
		{6CF05566-1E47-4CDD-AA94-EFCC0D74C61C}.Release|Any CPU.ActiveCfg = Release|Any CPU
		{6CF05566-1E47-4CDD-AA94-EFCC0D74C61C}.Release|Any CPU.Build.0 = Release|Any CPU
		{A248D31B-D33C-44EF-896D-A46B92D5A11B}.Debug|Any CPU.ActiveCfg = Debug|Any CPU
		{A248D31B-D33C-44EF-896D-A46B92D5A11B}.Debug|Any CPU.Build.0 = Debug|Any CPU
		{A248D31B-D33C-44EF-896D-A46B92D5A11B}.Release|Any CPU.ActiveCfg = Release|Any CPU
		{A248D31B-D33C-44EF-896D-A46B92D5A11B}.Release|Any CPU.Build.0 = Release|Any CPU
		{1DA5B47C-B800-46EC-AE2F-E883BCF09D6F}.Debug|Any CPU.ActiveCfg = Debug|Any CPU
		{1DA5B47C-B800-46EC-AE2F-E883BCF09D6F}.Debug|Any CPU.Build.0 = Debug|Any CPU
		{1DA5B47C-B800-46EC-AE2F-E883BCF09D6F}.Release|Any CPU.ActiveCfg = Release|Any CPU
		{1DA5B47C-B800-46EC-AE2F-E883BCF09D6F}.Release|Any CPU.Build.0 = Release|Any CPU
	EndGlobalSection
EndGlobal
